
Microsoft Visual Studio Solution File, Format Version 12.00
# Visual Studio 15
VisualStudioVersion = 15.0.27703.2047
MinimumVisualStudioVersion = 10.0.40219.1
Project("{FAE04EC0-301F-11D3-BF4B-00C04F79EFBC}") = "Cinema_JESB.Android", "Cinema_JESB\Cinema_JESB.Android\Cinema_JESB.Android.csproj", "{8998FE35-3A98-478D-9229-08DD98456570}"
EndProject
Project("{FAE04EC0-301F-11D3-BF4B-00C04F79EFBC}") = "Cinema_JESB", "Cinema_JESB\Cinema_JESB\Cinema_JESB.csproj", "{C4F2D3C7-0EEA-4115-9B10-5F2C5D8EEF0C}"
EndProject
Global
	GlobalSection(SolutionConfigurationPlatforms) = preSolution
		Debug|Any CPU = Debug|Any CPU
		Release|Any CPU = Release|Any CPU
	EndGlobalSection
	GlobalSection(ProjectConfigurationPlatforms) = postSolution
		{8998FE35-3A98-478D-9229-08DD98456570}.Debug|Any CPU.ActiveCfg = Debug|Any CPU
		{8998FE35-3A98-478D-9229-08DD98456570}.Debug|Any CPU.Build.0 = Debug|Any CPU
		{8998FE35-3A98-478D-9229-08DD98456570}.Debug|Any CPU.Deploy.0 = Debug|Any CPU
		{8998FE35-3A98-478D-9229-08DD98456570}.Release|Any CPU.ActiveCfg = Release|Any CPU
		{8998FE35-3A98-478D-9229-08DD98456570}.Release|Any CPU.Build.0 = Release|Any CPU
		{8998FE35-3A98-478D-9229-08DD98456570}.Release|Any CPU.Deploy.0 = Release|Any CPU
		{C4F2D3C7-0EEA-4115-9B10-5F2C5D8EEF0C}.Debug|Any CPU.ActiveCfg = Debug|Any CPU
		{C4F2D3C7-0EEA-4115-9B10-5F2C5D8EEF0C}.Debug|Any CPU.Build.0 = Debug|Any CPU
		{C4F2D3C7-0EEA-4115-9B10-5F2C5D8EEF0C}.Debug|Any CPU.Deploy.0 = Debug|Any CPU
		{C4F2D3C7-0EEA-4115-9B10-5F2C5D8EEF0C}.Release|Any CPU.ActiveCfg = Release|Any CPU
		{C4F2D3C7-0EEA-4115-9B10-5F2C5D8EEF0C}.Release|Any CPU.Build.0 = Release|Any CPU
		{C4F2D3C7-0EEA-4115-9B10-5F2C5D8EEF0C}.Release|Any CPU.Deploy.0 = Release|Any CPU
	EndGlobalSection
	GlobalSection(SolutionProperties) = preSolution
		HideSolutionNode = FALSE
	EndGlobalSection
	GlobalSection(ExtensibilityGlobals) = postSolution
		SolutionGuid = {3E5DE099-03ED-4E3D-AACE-9C94FC615035}
	EndGlobalSection
EndGlobal
